
Microsoft Visual Studio Solution File, Format Version 12.00
# Visual Studio Version 17
VisualStudioVersion = 17.8.34316.72
MinimumVisualStudioVersion = 10.0.40219.1
Project("{FAE04EC0-301F-11D3-BF4B-00C04F79EFBC}") = "3ISIP-422_Golovin_Vibornov", "3ISIP-422_Golovin_Vibornov\3ISIP-422_Golovin_Vibornov.csproj", "{52F748F6-93A1-4547-BD8D-729BEEE88285}"
EndProject
Global
	GlobalSection(SolutionConfigurationPlatforms) = preSolution
		Debug|Any CPU = Debug|Any CPU
		Release|Any CPU = Release|Any CPU
	EndGlobalSection
	GlobalSection(ProjectConfigurationPlatforms) = postSolution
		{52F748F6-93A1-4547-BD8D-729BEEE88285}.Debug|Any CPU.ActiveCfg = Debug|Any CPU
		{52F748F6-93A1-4547-BD8D-729BEEE88285}.Debug|Any CPU.Build.0 = Debug|Any CPU
		{52F748F6-93A1-4547-BD8D-729BEEE88285}.Release|Any CPU.ActiveCfg = Release|Any CPU
		{52F748F6-93A1-4547-BD8D-729BEEE88285}.Release|Any CPU.Build.0 = Release|Any CPU
	EndGlobalSection
	GlobalSection(SolutionProperties) = preSolution
		HideSolutionNode = FALSE
	EndGlobalSection
	GlobalSection(ExtensibilityGlobals) = postSolution
		SolutionGuid = {7A95E012-D575-4C82-8FA4-8598C71A7807}
	EndGlobalSection
EndGlobal
